<?xml version="1.0" encoding="utf-8"?>
<Project ToolsVersion="4.0" xmlns="http://schemas.microsoft.com/developer/msbuild/2003">
  <ItemGroup>
    <Filter Include="Pliki źródłowe">
      <UniqueIdentifier>{4FC737F1-C7A5-4376-A066-2A32D752A2FF}</UniqueIdentifier>
      <Extensions>cpp;c;cc;cxx;c++;cppm;ixx;def;odl;idl;hpj;bat;asm;asmx</Extensions>
    </Filter>
    <Filter Include="Pliki nagłówkowe">
      <UniqueIdentifier>{93995380-89BD-4b04-88EB-625FBE52EBFB}</UniqueIdentifier>
      <Extensions>h;hh;hpp;hxx;h++;hm;inl;inc;ipp;xsd</Extensions>
    </Filter>
    <Filter Include="Pliki zasobów">
      <UniqueIdentifier>{67DA6AB6-F800-4c08-8B7A-83BB121AAD01}</UniqueIdentifier>
      <Extensions>rc;ico;cur;bmp;dlg;rc2;rct;bin;rgs;gif;jpg;jpeg;jpe;resx;tiff;tif;png;wav;mfcribbon-ms</Extensions>
    </Filter>
    <Filter Include="Pliki nagłówkowe\Organizmy">
      <UniqueIdentifier>{7c37b00b-2b5d-4987-b9e6-c4f4c2df2cf8}</UniqueIdentifier>
    </Filter>
    <Filter Include="Pliki nagłówkowe\Organizmy\Zwierze">
      <UniqueIdentifier>{cd0047e2-fb7c-46e2-a540-a0f6e7e427db}</UniqueIdentifier>
    </Filter>
    <Filter Include="Pliki nagłówkowe\Organizmy\Rosliny">
      <UniqueIdentifier>{62aa6e98-6fb0-4743-b0ed-7fe118bcd37f}</UniqueIdentifier>
    </Filter>
    <Filter Include="Pliki źródłowe\main">
      <UniqueIdentifier>{b06b42c6-fc22-49e2-800c-95372c3f03e2}</UniqueIdentifier>
    </Filter>
    <Filter Include="Pliki źródłowe\Rosliny">
      <UniqueIdentifier>{82788feb-2ce8-4a80-b1cc-7057eb35e8fe}</UniqueIdentifier>
    </Filter>
    <Filter Include="Pliki źródłowe\Zwierzeta">
      <UniqueIdentifier>{216b27b8-0bf3-47cb-8426-71836767ffc3}</UniqueIdentifier>
    </Filter>
  </ItemGroup>
  <ItemGroup>
    <ClCompile Include="Funkcje.cpp">
      <Filter>Pliki źródłowe</Filter>
    </ClCompile>
    <ClCompile Include="Swiat.cpp">
      <Filter>Pliki źródłowe</Filter>
    </ClCompile>
    <ClCompile Include="Organizm.cpp">
      <Filter>Pliki źródłowe</Filter>
    </ClCompile>
    <ClCompile Include="main.cpp">
      <Filter>Pliki źródłowe\main</Filter>
    </ClCompile>
    <ClCompile Include="Rosliny.cpp">
      <Filter>Pliki źródłowe\main</Filter>
    </ClCompile>
    <ClCompile Include="Zwierze.cpp">
      <Filter>Pliki źródłowe\main</Filter>
    </ClCompile>
    <ClCompile Include="BarszczSosnowskiegp.cpp">
      <Filter>Pliki źródłowe\Rosliny</Filter>
    </ClCompile>
    <ClCompile Include="Guarana.cpp">
      <Filter>Pliki źródłowe\Rosliny</Filter>
    </ClCompile>
    <ClCompile Include="Mlecz.cpp">
      <Filter>Pliki źródłowe\Rosliny</Filter>
    </ClCompile>
    <ClCompile Include="Trawa.cpp">
      <Filter>Pliki źródłowe\Rosliny</Filter>
    </ClCompile>
    <ClCompile Include="WilczeJagody.cpp">
      <Filter>Pliki źródłowe\Rosliny</Filter>
    </ClCompile>
    <ClCompile Include="Antylopa.cpp">
      <Filter>Pliki źródłowe\Zwierzeta</Filter>
    </ClCompile>
    <ClCompile Include="Lis.cpp">
      <Filter>Pliki źródłowe\Zwierzeta</Filter>
    </ClCompile>
    <ClCompile Include="Czlowiek.cpp">
      <Filter>Pliki źródłowe\Zwierzeta</Filter>
    </ClCompile>
    <ClCompile Include="Owca.cpp">
      <Filter>Pliki źródłowe\Zwierzeta</Filter>
    </ClCompile>
    <ClCompile Include="Wilk.cpp">
      <Filter>Pliki źródłowe\Zwierzeta</Filter>
    </ClCompile>
    <ClCompile Include="Zolw.cpp">
      <Filter>Pliki źródłowe\Zwierzeta</Filter>
    </ClCompile>
  </ItemGroup>
  <ItemGroup>
    <ClInclude Include="Funkcje.h">
      <Filter>Pliki nagłówkowe</Filter>
    </ClInclude>
    <ClInclude Include="Swiat.h">
      <Filter>Pliki nagłówkowe</Filter>
    </ClInclude>
    <ClInclude Include="Organizm.h">
      <Filter>Pliki nagłówkowe\Organizmy</Filter>
    </ClInclude>
    <ClInclude Include="Definicje.h">
      <Filter>Pliki nagłówkowe</Filter>
    </ClInclude>
    <ClInclude Include="Zwierze.h">
      <Filter>Pliki nagłówkowe\Organizmy</Filter>
    </ClInclude>
    <ClInclude Include="Czlowiek.h">
      <Filter>Pliki nagłówkowe\Organizmy\Zwierze</Filter>
    </ClInclude>
    <ClInclude Include="Owca.h">
      <Filter>Pliki nagłówkowe\Organizmy\Zwierze</Filter>
    </ClInclude>
    <ClInclude Include="Wilk.h">
      <Filter>Pliki nagłówkowe\Organizmy\Zwierze</Filter>
    </ClInclude>
    <ClInclude Include="Lis.h">
      <Filter>Pliki nagłówkowe\Organizmy\Zwierze</Filter>
    </ClInclude>
    <ClInclude Include="Zolw.h">
      <Filter>Pliki nagłówkowe\Organizmy\Zwierze</Filter>
    </ClInclude>
    <ClInclude Include="Antylopa.h">
      <Filter>Pliki nagłówkowe\Organizmy\Zwierze</Filter>
    </ClInclude>
    <ClInclude Include="Trawa.h">
      <Filter>Pliki nagłówkowe\Organizmy\Rosliny</Filter>
    </ClInclude>
    <ClInclude Include="Mlecz.h">
      <Filter>Pliki nagłówkowe\Organizmy\Rosliny</Filter>
    </ClInclude>
    <ClInclude Include="Rosliny.h">
      <Filter>Pliki nagłówkowe\Organizmy</Filter>
    </ClInclude>
    <ClInclude Include="Guarana.h">
      <Filter>Pliki nagłówkowe\Organizmy\Rosliny</Filter>
    </ClInclude>
    <ClInclude Include="BarszczSosnowskiegp.h">
      <Filter>Pliki nagłówkowe\Organizmy\Rosliny</Filter>
    </ClInclude>
    <ClInclude Include="WilczeJagody.h">
      <Filter>Pliki nagłówkowe\Organizmy\Rosliny</Filter>
    </ClInclude>
  </ItemGroup>
</Project>